
Microsoft Visual Studio Solution File, Format Version 12.00
# Visual Studio Version 17
VisualStudioVersion = 17.6.33801.468
MinimumVisualStudioVersion = 10.0.40219.1
Project("{FAE04EC0-301F-11D3-BF4B-00C04F79EFBC}") = "DataDrivenManagementGame", "DataDrivenManagementGame\DataDrivenManagementGame.csproj", "{133C00FF-D520-4E8F-9EDE-532F8C1A8E13}"
EndProject
Global
	GlobalSection(SolutionConfigurationPlatforms) = preSolution
		Debug|Any CPU = Debug|Any CPU
		Release|Any CPU = Release|Any CPU
	EndGlobalSection
	GlobalSection(ProjectConfigurationPlatforms) = postSolution
		{133C00FF-D520-4E8F-9EDE-532F8C1A8E13}.Debug|Any CPU.ActiveCfg = Debug|Any CPU
		{133C00FF-D520-4E8F-9EDE-532F8C1A8E13}.Debug|Any CPU.Build.0 = Debug|Any CPU
		{133C00FF-D520-4E8F-9EDE-532F8C1A8E13}.Release|Any CPU.ActiveCfg = Release|Any CPU
		{133C00FF-D520-4E8F-9EDE-532F8C1A8E13}.Release|Any CPU.Build.0 = Release|Any CPU
	EndGlobalSection
	GlobalSection(SolutionProperties) = preSolution
		HideSolutionNode = FALSE
	EndGlobalSection
	GlobalSection(ExtensibilityGlobals) = postSolution
		SolutionGuid = {BD7A55D4-1199-4B5D-A5C1-3F3BB3C47051}
	EndGlobalSection
EndGlobal
